
Microsoft Visual Studio Solution File, Format Version 12.00
# Visual Studio Version 16
VisualStudioVersion = 16.0.30002.166
MinimumVisualStudioVersion = 10.0.40219.1
Project("{FAE04EC0-301F-11D3-BF4B-00C04F79EFBC}") = "StorageClient.Azure", "StorageClient.Azure\StorageClient.Azure.csproj", "{B3B16A80-B321-46C2-92E9-D85D1028D2B4}"
EndProject
Global
	GlobalSection(SolutionConfigurationPlatforms) = preSolution
		Debug|Any CPU = Debug|Any CPU
		Release|Any CPU = Release|Any CPU
	EndGlobalSection
	GlobalSection(ProjectConfigurationPlatforms) = postSolution
		{B3B16A80-B321-46C2-92E9-D85D1028D2B4}.Debug|Any CPU.ActiveCfg = Debug|Any CPU
		{B3B16A80-B321-46C2-92E9-D85D1028D2B4}.Debug|Any CPU.Build.0 = Debug|Any CPU
		{B3B16A80-B321-46C2-92E9-D85D1028D2B4}.Release|Any CPU.ActiveCfg = Release|Any CPU
		{B3B16A80-B321-46C2-92E9-D85D1028D2B4}.Release|Any CPU.Build.0 = Release|Any CPU
	EndGlobalSection
	GlobalSection(SolutionProperties) = preSolution
		HideSolutionNode = FALSE
	EndGlobalSection
	GlobalSection(ExtensibilityGlobals) = postSolution
		SolutionGuid = {0C741670-8E7B-4146-B2E4-F8CF00089E58}
	EndGlobalSection
EndGlobal
